
Microsoft Visual Studio Solution File, Format Version 10.00
# Visual Studio 2008
Project("{FAE04EC0-301F-11D3-BF4B-00C04F79EFBC}") = "OneShoot", "OneShoot\OneShoot.csproj", "{48C3551D-E2F5-453A-893A-B57F8745DD7E}"
EndProject
Global
	GlobalSection(SolutionConfigurationPlatforms) = preSolution
		Debug|Any CPU = Debug|Any CPU
		Release|Any CPU = Release|Any CPU
	EndGlobalSection
	GlobalSection(ProjectConfigurationPlatforms) = postSolution
		{48C3551D-E2F5-453A-893A-B57F8745DD7E}.Debug|Any CPU.ActiveCfg = Debug|Any CPU
		{48C3551D-E2F5-453A-893A-B57F8745DD7E}.Debug|Any CPU.Build.0 = Debug|Any CPU
		{48C3551D-E2F5-453A-893A-B57F8745DD7E}.Release|Any CPU.ActiveCfg = Debug|Any CPU
		{48C3551D-E2F5-453A-893A-B57F8745DD7E}.Release|Any CPU.Build.0 = Debug|Any CPU
	EndGlobalSection
	GlobalSection(SolutionProperties) = preSolution
		HideSolutionNode = FALSE
	EndGlobalSection
EndGlobal
